
Microsoft Visual Studio Solution File, Format Version 12.00
# Visual Studio 15
VisualStudioVersion = 15.0.27130.2003
MinimumVisualStudioVersion = 10.0.40219.1
Project("{FAE04EC0-301F-11D3-BF4B-00C04F79EFBC}") = "Sorting", "QuickSort\Sorting.csproj", "{FF6AAEB0-CF6D-4EFB-AEB2-99BD1E7A77A5}"
EndProject
Project("{FAE04EC0-301F-11D3-BF4B-00C04F79EFBC}") = "Sorting.Tests", "packages\NUnit.3.10.1\UnitTestProject1\Sorting.Tests.csproj", "{0A2446DA-FE7E-4840-841D-B7F40E5497BA}"
EndProject
Project("{FAE04EC0-301F-11D3-BF4B-00C04F79EFBC}") = "App", "App\App.csproj", "{2D3EFD4B-8F0B-4C57-AEDE-D28A787FB769}"
EndProject
Global
	GlobalSection(SolutionConfigurationPlatforms) = preSolution
		Debug|Any CPU = Debug|Any CPU
		Release|Any CPU = Release|Any CPU
	EndGlobalSection
	GlobalSection(ProjectConfigurationPlatforms) = postSolution
		{FF6AAEB0-CF6D-4EFB-AEB2-99BD1E7A77A5}.Debug|Any CPU.ActiveCfg = Debug|Any CPU
		{FF6AAEB0-CF6D-4EFB-AEB2-99BD1E7A77A5}.Debug|Any CPU.Build.0 = Debug|Any CPU
		{FF6AAEB0-CF6D-4EFB-AEB2-99BD1E7A77A5}.Release|Any CPU.ActiveCfg = Release|Any CPU
		{FF6AAEB0-CF6D-4EFB-AEB2-99BD1E7A77A5}.Release|Any CPU.Build.0 = Release|Any CPU
		{0A2446DA-FE7E-4840-841D-B7F40E5497BA}.Debug|Any CPU.ActiveCfg = Debug|Any CPU
		{0A2446DA-FE7E-4840-841D-B7F40E5497BA}.Debug|Any CPU.Build.0 = Debug|Any CPU
		{0A2446DA-FE7E-4840-841D-B7F40E5497BA}.Release|Any CPU.ActiveCfg = Release|Any CPU
		{0A2446DA-FE7E-4840-841D-B7F40E5497BA}.Release|Any CPU.Build.0 = Release|Any CPU
		{2D3EFD4B-8F0B-4C57-AEDE-D28A787FB769}.Debug|Any CPU.ActiveCfg = Debug|Any CPU
		{2D3EFD4B-8F0B-4C57-AEDE-D28A787FB769}.Debug|Any CPU.Build.0 = Debug|Any CPU
		{2D3EFD4B-8F0B-4C57-AEDE-D28A787FB769}.Release|Any CPU.ActiveCfg = Release|Any CPU
		{2D3EFD4B-8F0B-4C57-AEDE-D28A787FB769}.Release|Any CPU.Build.0 = Release|Any CPU
	EndGlobalSection
	GlobalSection(SolutionProperties) = preSolution
		HideSolutionNode = FALSE
	EndGlobalSection
	GlobalSection(ExtensibilityGlobals) = postSolution
		SolutionGuid = {E6FEC9B9-E318-44F0-899B-12D640CE23AD}
	EndGlobalSection
EndGlobal
